
Microsoft Visual Studio Solution File, Format Version 12.00
# Visual Studio 15
VisualStudioVersion = 15.0.28307.421
MinimumVisualStudioVersion = 10.0.40219.1
Project("{FAE04EC0-301F-11D3-BF4B-00C04F79EFBC}") = "pa8_c00061075", "pa8_c00061075\pa8_c00061075.csproj", "{3232728A-614B-4F8E-92B2-450421DBB609}"
EndProject
Global
	GlobalSection(SolutionConfigurationPlatforms) = preSolution
		Debug|Any CPU = Debug|Any CPU
		Release|Any CPU = Release|Any CPU
	EndGlobalSection
	GlobalSection(ProjectConfigurationPlatforms) = postSolution
		{3232728A-614B-4F8E-92B2-450421DBB609}.Debug|Any CPU.ActiveCfg = Debug|Any CPU
		{3232728A-614B-4F8E-92B2-450421DBB609}.Debug|Any CPU.Build.0 = Debug|Any CPU
		{3232728A-614B-4F8E-92B2-450421DBB609}.Release|Any CPU.ActiveCfg = Release|Any CPU
		{3232728A-614B-4F8E-92B2-450421DBB609}.Release|Any CPU.Build.0 = Release|Any CPU
	EndGlobalSection
	GlobalSection(SolutionProperties) = preSolution
		HideSolutionNode = FALSE
	EndGlobalSection
	GlobalSection(ExtensibilityGlobals) = postSolution
		SolutionGuid = {503B5432-D052-4946-8745-A4D3A92274CB}
	EndGlobalSection
EndGlobal
